Microsoft Visual Studio Solution File, Format Version 12.00
# Visual Studio Version 17
VisualStudioVersion = 17.13.35825.156
MinimumVisualStudioVersion = 10.0.40219.1
Project("{FAE04EC0-301F-11D3-BF4B-00C04F79EFBC}") = "WorkWell", "WorkWell\WorkWell.csproj", "{F1CD8EC7-5026-43AC-AC9B-97DA5F487298}"
EndProject
Global
	GlobalSection(SolutionConfigurationPlatforms) = preSolution
		Debug|Any CPU = Debug|Any CPU
		Release|Any CPU = Release|Any CPU
	EndGlobalSection
	GlobalSection(ProjectConfigurationPlatforms) = postSolution
		{F1CD8EC7-5026-43AC-AC9B-97DA5F487298}.Debug|Any CPU.ActiveCfg = Debug|Any CPU
		{F1CD8EC7-5026-43AC-AC9B-97DA5F487298}.Debug|Any CPU.Build.0 = Debug|Any CPU
		{F1CD8EC7-5026-43AC-AC9B-97DA5F487298}.Release|Any CPU.ActiveCfg = Release|Any CPU
		{F1CD8EC7-5026-43AC-AC9B-97DA5F487298}.Release|Any CPU.Build.0 = Release|Any CPU
	EndGlobalSection
	GlobalSection(SolutionProperties) = preSolution
		HideSolutionNode = FALSE
	EndGlobalSection
	GlobalSection(ExtensibilityGlobals) = postSolution
		SolutionGuid = {49AABE26-4963-45E4-8981-03F333A7A2A6}
	EndGlobalSection
EndGlobal
